// !$*UTF8*$!
{
	archiveVersion = 1;
	classes = {
	};
	objectVersion = 46;
	objects = {

/* Begin PBXBuildFile section */
		E22A1D0C1D752D7F008835F7 /* ColorControl.swift in Sources */ = {isa = PBXBuildFile; fileRef = E22A1D0B1D752D7F008835F7 /* ColorControl.swift */; };
		E2A2AC401D6DA2310054E50E /* AppDelegate.swift in Sources */ = {isa = PBXBuildFile; fileRef = E2A2AC3F1D6DA2310054E50E /* AppDelegate.swift */; };
		E2A2AC421D6DA2310054E50E /* SymbolViewController.swift in Sources */ = {isa = PBXBuildFile; fileRef = E2A2AC411D6DA2310054E50E /* SymbolViewController.swift */; };
		E2A2AC451D6DA2310054E50E /* Main.storyboard in Resources */ = {isa = PBXBuildFile; fileRef = E2A2AC431D6DA2310054E50E /* Main.storyboard */; };
		E2A2AC481D6DA2310054E50E /* SymbolLog.xcdatamodeld in Sources */ = {isa = PBXBuildFile; fileRef = E2A2AC461D6DA2310054E50E /* SymbolLog.xcdatamodeld */; };
		E2A2AC4A1D6DA2310054E50E /* Assets.xcassets in Resources */ = {isa = PBXBuildFile; fileRef = E2A2AC491D6DA2310054E50E /* Assets.xcassets */; };
		E2A2AC4D1D6DA2310054E50E /* LaunchScreen.storyboard in Resources */ = {isa = PBXBuildFile; fileRef = E2A2AC4B1D6DA2310054E50E /* LaunchScreen.storyboard */; };
		E2A2AC581D6DA2310054E50E /* SymbolLogTests.swift in Sources */ = {isa = PBXBuildFile; fileRef = E2A2AC571D6DA2310054E50E /* SymbolLogTests.swift */; };
		E2A2AC651D6E7BF00054E50E /* Symbol.swift in Sources */ = {isa = PBXBuildFile; fileRef = E2A2AC641D6E7BF00054E50E /* Symbol.swift */; };
		E2A2AC661D6E7BF00054E50E /* Symbol.swift in Sources */ = {isa = PBXBuildFile; fileRef = E2A2AC641D6E7BF00054E50E /* Symbol.swift */; };
		E2A2AC681D6FB5710054E50E /* SymbolTableViewCell.swift in Sources */ = {isa = PBXBuildFile; fileRef = E2A2AC671D6FB5710054E50E /* SymbolTableViewCell.swift */; };
		E2A2AC6A1D6FC5F60054E50E /* SymbolTableViewController.swift in Sources */ = {isa = PBXBuildFile; fileRef = E2A2AC691D6FC5F60054E50E /* SymbolTableViewController.swift */; };
		E2A2AC6C1D7022B10054E50E /* SymbolDrawViewController.swift in Sources */ = {isa = PBXBuildFile; fileRef = E2A2AC6B1D7022B10054E50E /* SymbolDrawViewController.swift */; };
/* End PBXBuildFile section */

/* Begin PBXContainerItemProxy section */
		E2A2AC541D6DA2310054E50E /* PBXContainerItemProxy */ = {
			isa = PBXContainerItemProxy;
			containerPortal = E2A2AC341D6DA2310054E50E /* Project object */;
			proxyType = 1;
			remoteGlobalIDString = E2A2AC3B1D6DA2310054E50E;
			remoteInfo = SymbolLog;
		};
/* End PBXContainerItemProxy section */

/* Begin PBXFileReference section */
		E22A1D0B1D752D7F008835F7 /* ColorControl.swift */ = {isa = PBXFileReference; fileEncoding = 4; lastKnownFileType = sourcecode.swift; path = ColorControl.swift; sourceTree = "<group>"; };
		E2A2AC3C1D6DA2310054E50E /* Symbolog.app */ = {isa = PBXFileReference; explicitFileType = wrapper.application; includeInIndex = 0; path = Symbolog.app; sourceTree = BUILT_PRODUCTS_DIR; };
		E2A2AC3F1D6DA2310054E50E /* AppDelegate.swift */ = {isa = PBXFileReference; lastKnownFileType = sourcecode.swift; path = AppDelegate.swift; sourceTree = "<group>"; };
		E2A2AC411D6DA2310054E50E /* SymbolViewController.swift */ = {isa = PBXFileReference; lastKnownFileType = sourcecode.swift; path = SymbolViewController.swift; sourceTree = "<group>"; };
		E2A2AC441D6DA2310054E50E /* Base */ = {isa = PBXFileReference; lastKnownFileType = file.storyboard; name = Base; path = Base.lproj/Main.storyboard; sourceTree = "<group>"; };
		E2A2AC471D6DA2310054E50E /* SymbolLog.xcdatamodel */ = {isa = PBXFileReference; lastKnownFileType = wrapper.xcdatamodel; path = SymbolLog.xcdatamodel; sourceTree = "<group>"; };
		E2A2AC491D6DA2310054E50E /* Assets.xcassets */ = {isa = PBXFileReference; lastKnownFileType = folder.assetcatalog; path = Assets.xcassets; sourceTree = "<group>"; };
		E2A2AC4C1D6DA2310054E50E /* Base */ = {isa = PBXFileReference; lastKnownFileType = file.storyboard; name = Base; path = Base.lproj/LaunchScreen.storyboard; sourceTree = "<group>"; };
		E2A2AC4E1D6DA2310054E50E /* Info.plist */ = {isa = PBXFileReference; lastKnownFileType = text.plist.xml; path = Info.plist; sourceTree = "<group>"; };
		E2A2AC531D6DA2310054E50E /* Symbolog.xctest */ = {isa = PBXFileReference; explicitFileType = wrapper.cfbundle; includeInIndex = 0; path = Symbolog.xctest; sourceTree = BUILT_PRODUCTS_DIR; };
		E2A2AC571D6DA2310054E50E /* SymbolLogTests.swift */ = {isa = PBXFileReference; lastKnownFileType = sourcecode.swift; path = SymbolLogTests.swift; sourceTree = "<group>"; };
		E2A2AC591D6DA2310054E50E /* Info.plist */ = {isa = PBXFileReference; lastKnownFileType = text.plist.xml; path = Info.plist; sourceTree = "<group>"; };
		E2A2AC641D6E7BF00054E50E /* Symbol.swift */ = {isa = PBXFileReference; fileEncoding = 4; lastKnownFileType = sourcecode.swift; path = Symbol.swift; sourceTree = "<group>"; };
		E2A2AC671D6FB5710054E50E /* SymbolTableViewCell.swift */ = {isa = PBXFileReference; fileEncoding = 4; lastKnownFileType = sourcecode.swift; path = SymbolTableViewCell.swift; sourceTree = "<group>"; };
		E2A2AC691D6FC5F60054E50E /* SymbolTableViewController.swift */ = {isa = PBXFileReference; fileEncoding = 4; lastKnownFileType = sourcecode.swift; path = SymbolTableViewController.swift; sourceTree = "<group>"; };
		E2A2AC6B1D7022B10054E50E /* SymbolDrawViewController.swift */ = {isa = PBXFileReference; fileEncoding = 4; lastKnownFileType = sourcecode.swift; path = SymbolDrawViewController.swift; sourceTree = "<group>"; };
/* End PBXFileReference section */

/* Begin PBXFrameworksBuildPhase section */
		E2A2AC391D6DA2310054E50E /* Frameworks */ = {
			isa = PBXFrameworksBuildPhase;
			buildActionMask = 2147483647;
			files = (
			);
			runOnlyForDeploymentPostprocessing = 0;
		};
		E2A2AC501D6DA2310054E50E /* Frameworks */ = {
			isa = PBXFrameworksBuildPhase;
			buildActionMask = 2147483647;
			files = (
			);
			runOnlyForDeploymentPostprocessing = 0;
		};
/* End PBXFrameworksBuildPhase section */

/* Begin PBXGroup section */
		E2A2AC331D6DA2310054E50E = {
			isa = PBXGroup;
			children = (
				E2A2AC3E1D6DA2310054E50E /* SymbolLog */,
				E2A2AC561D6DA2310054E50E /* SymbolLogTests */,
				E2A2AC3D1D6DA2310054E50E /* Products */,
			);
			sourceTree = "<group>";
		};
		E2A2AC3D1D6DA2310054E50E /* Products */ = {
			isa = PBXGroup;
			children = (
				E2A2AC3C1D6DA2310054E50E /* Symbolog.app */,
				E2A2AC531D6DA2310054E50E /* Symbolog.xctest */,
			);
			name = Products;
			sourceTree = "<group>";
		};
		E2A2AC3E1D6DA2310054E50E /* SymbolLog */ = {
			isa = PBXGroup;
			children = (
				E2A2AC3F1D6DA2310054E50E /* AppDelegate.swift */,
				E2A2AC431D6DA2310054E50E /* Main.storyboard */,
				E2A2AC411D6DA2310054E50E /* SymbolViewController.swift */,
				E2A2AC671D6FB5710054E50E /* SymbolTableViewCell.swift */,
				E2A2AC691D6FC5F60054E50E /* SymbolTableViewController.swift */,
				E2A2AC6B1D7022B10054E50E /* SymbolDrawViewController.swift */,
				E22A1D0B1D752D7F008835F7 /* ColorControl.swift */,
				E2A2AC641D6E7BF00054E50E /* Symbol.swift */,
				E2A2AC491D6DA2310054E50E /* Assets.xcassets */,
				E2A2AC4B1D6DA2310054E50E /* LaunchScreen.storyboard */,
				E2A2AC4E1D6DA2310054E50E /* Info.plist */,
				E2A2AC461D6DA2310054E50E /* SymbolLog.xcdatamodeld */,
			);
			path = SymbolLog;
			sourceTree = "<group>";
		};
		E2A2AC561D6DA2310054E50E /* SymbolLogTests */ = {
			isa = PBXGroup;
			children = (
				E2A2AC571D6DA2310054E50E /* SymbolLogTests.swift */,
				E2A2AC591D6DA2310054E50E /* Info.plist */,
			);
			path = SymbolLogTests;
			sourceTree = "<group>";
		};
/* End PBXGroup section */

/* Begin PBXNativeTarget section */
		E2A2AC3B1D6DA2310054E50E /* Symbolog */ = {
			isa = PBXNativeTarget;
			buildConfigurationList = E2A2AC5C1D6DA2310054E50E /* Build configuration list for PBXNativeTarget "Symbolog" */;
			buildPhases = (
				E2A2AC381D6DA2310054E50E /* Sources */,
				E2A2AC391D6DA2310054E50E /* Frameworks */,
				E2A2AC3A1D6DA2310054E50E /* Resources */,
			);
			buildRules = (
			);
			dependencies = (
			);
			name = Symbolog;
			productName = SymbolLog;
			productReference = E2A2AC3C1D6DA2310054E50E /* Symbolog.app */;
			productType = "com.apple.product-type.application";
		};
		E2A2AC521D6DA2310054E50E /* SymbologTests */ = {
			isa = PBXNativeTarget;
			buildConfigurationList = E2A2AC5F1D6DA2310054E50E /* Build configuration list for PBXNativeTarget "SymbologTests" */;
			buildPhases = (
				E2A2AC4F1D6DA2310054E50E /* Sources */,
				E2A2AC501D6DA2310054E50E /* Frameworks */,
				E2A2AC511D6DA2310054E50E /* Resources */,
			);
			buildRules = (
			);
			dependencies = (
				E2A2AC551D6DA2310054E50E /* PBXTargetDependency */,
			);
			name = SymbologTests;
			productName = SymbolLogTests;
			productReference = E2A2AC531D6DA2310054E50E /* Symbolog.xctest */;
			productType = "com.apple.product-type.bundle.unit-test";
		};
/* End PBXNativeTarget section */

/* Begin PBXProject section */
		E2A2AC341D6DA2310054E50E /* Project object */ = {
			isa = PBXProject;
			attributes = {
				LastSwiftUpdateCheck = 0730;
				LastUpgradeCheck = 0730;
				ORGANIZATIONNAME = "Ji Mun";
				TargetAttributes = {
					E2A2AC3B1D6DA2310054E50E = {
						CreatedOnToolsVersion = 7.3.1;
						DevelopmentTeam = CU4CFH2UT4;
					};
					E2A2AC521D6DA2310054E50E = {
						CreatedOnToolsVersion = 7.3.1;
						TestTargetID = E2A2AC3B1D6DA2310054E50E;
					};
				};
			};
			buildConfigurationList = E2A2AC371D6DA2310054E50E /* Build configuration list for PBXProject "Symbolog" */;
			compatibilityVersion = "Xcode 3.2";
			developmentRegion = English;
			hasScannedForEncodings = 0;
			knownRegions = (
				en,
				Base,
			);
			mainGroup = E2A2AC331D6DA2310054E50E;
			productRefGroup = E2A2AC3D1D6DA2310054E50E /* Products */;
			projectDirPath = "";
			projectRoot = "";
			targets = (
				E2A2AC3B1D6DA2310054E50E /* Symbolog */,
				E2A2AC521D6DA2310054E50E /* SymbologTests */,
			);
		};
/* End PBXProject section */

/* Begin PBXResourcesBuildPhase section */
		E2A2AC3A1D6DA2310054E50E /* Resources */ = {
			isa = PBXResourcesBuildPhase;
			buildActionMask = 2147483647;
			files = (
				E2A2AC4D1D6DA2310054E50E /* LaunchScreen.storyboard in Resources */,
				E2A2AC4A1D6DA2310054E50E /* Assets.xcassets in Resources */,
				E2A2AC451D6DA2310054E50E /* Main.storyboard in Resources */,
			);
			runOnlyForDeploymentPostprocessing = 0;
		};
		E2A2AC511D6DA2310054E50E /* Resources */ = {
			isa = PBXResourcesBuildPhase;
			buildActionMask = 2147483647;
			files = (
			);
			runOnlyForDeploymentPostprocessing = 0;
		};
/* End PBXResourcesBuildPhase section */

/* Begin PBXSourcesBuildPhase section */
		E2A2AC381D6DA2310054E50E /* Sources */ = {
			isa = PBXSourcesBuildPhase;
			buildActionMask = 2147483647;
			files = (
				E2A2AC421D6DA2310054E50E /* SymbolViewController.swift in Sources */,
				E2A2AC651D6E7BF00054E50E /* Symbol.swift in Sources */,
				E2A2AC481D6DA2310054E50E /* SymbolLog.xcdatamodeld in Sources */,
				E2A2AC6C1D7022B10054E50E /* SymbolDrawViewController.swift in Sources */,
				E2A2AC6A1D6FC5F60054E50E /* SymbolTableViewController.swift in Sources */,
				E22A1D0C1D752D7F008835F7 /* ColorControl.swift in Sources */,
				E2A2AC681D6FB5710054E50E /* SymbolTableViewCell.swift in Sources */,
				E2A2AC401D6DA2310054E50E /* AppDelegate.swift in Sources */,
			);
			runOnlyForDeploymentPostprocessing = 0;
		};
		E2A2AC4F1D6DA2310054E50E /* Sources */ = {
			isa = PBXSourcesBuildPhase;
			buildActionMask = 2147483647;
			files = (
				E2A2AC581D6DA2310054E50E /* SymbolLogTests.swift in Sources */,
				E2A2AC661D6E7BF00054E50E /* Symbol.swift in Sources */,
			);
			runOnlyForDeploymentPostprocessing = 0;
		};
/* End PBXSourcesBuildPhase section */

/* Begin PBXTargetDependency section */
		E2A2AC551D6DA2310054E50E /* PBXTargetDependency */ = {
			isa = PBXTargetDependency;
			target = E2A2AC3B1D6DA2310054E50E /* Symbolog */;
			targetProxy = E2A2AC541D6DA2310054E50E /* PBXContainerItemProxy */;
		};
/* End PBXTargetDependency section */

/* Begin PBXVariantGroup section */
		E2A2AC431D6DA2310054E50E /* Main.storyboard */ = {
			isa = PBXVariantGroup;
			children = (
				E2A2AC441D6DA2310054E50E /* Base */,
			);
			name = Main.storyboard;
			sourceTree = "<group>";
		};
		E2A2AC4B1D6DA2310054E50E /* LaunchScreen.storyboard */ = {
			isa = PBXVariantGroup;
			children = (
				E2A2AC4C1D6DA2310054E50E /* Base */,
			);
			name = LaunchScreen.storyboard;
			sourceTree = "<group>";
		};
/* End PBXVariantGroup section */

/* Begin XCBuildConfiguration section */
		E2A2AC5A1D6DA2310054E50E /* Debug */ = {
			isa = XCBuildConfiguration;
			buildSettings = {
				ALWAYS_SEARCH_USER_PATHS = NO;
				CLANG_ANALYZER_NONNULL = YES;
				CLANG_CXX_LANGUAGE_STANDARD = "gnu++0x";
				CLANG_CXX_LIBRARY = "libc++";
				CLANG_ENABLE_MODULES = YES;
				CLANG_ENABLE_OBJC_ARC = YES;
				CLANG_WARN_BOOL_CONVERSION = YES;
				CLANG_WARN_CONSTANT_CONVERSION = YES;
				CLANG_WARN_DIRECT_OBJC_ISA_USAGE = YES_ERROR;
				CLANG_WARN_EMPTY_BODY = YES;
				CLANG_WARN_ENUM_CONVERSION = YES;
				CLANG_WARN_INT_CONVERSION = YES;
				CLANG_WARN_OBJC_ROOT_CLASS = YES_ERROR;
				CLANG_WARN_UNREACHABLE_CODE = YES;
				CLANG_WARN__DUPLICATE_METHOD_MATCH = YES;
				"CODE_SIGN_IDENTITY[sdk=iphoneos*]" = "iPhone Developer";
				COPY_PHASE_STRIP = NO;
				DEBUG_INFORMATION_FORMAT = dwarf;
				ENABLE_STRICT_OBJC_MSGSEND = YES;
				ENABLE_TESTABILITY = YES;
				GCC_C_LANGUAGE_STANDARD = gnu99;
				GCC_DYNAMIC_NO_PIC = NO;
				GCC_NO_COMMON_BLOCKS = YES;
				GCC_OPTIMIZATION_LEVEL = 0;
				GCC_PREPROCESSOR_DEFINITIONS = (
					"DEBUG=1",
					"$(inherited)",
				);
				GCC_WARN_64_TO_32_BIT_CONVERSION = YES;
				GCC_WARN_ABOUT_RETURN_TYPE = YES_ERROR;
				GCC_WARN_UNDECLARED_SELECTOR = YES;
				GCC_WARN_UNINITIALIZED_AUTOS = YES_AGGRESSIVE;
				GCC_WARN_UNUSED_FUNCTION = YES;
				GCC_WARN_UNUSED_VARIABLE = YES;
				IPHONEOS_DEPLOYMENT_TARGET = 9.3;
				MTL_ENABLE_DEBUG_INFO = YES;
				ONLY_ACTIVE_ARCH = YES;
				SDKROOT = iphoneos;
				SWIFT_OPTIMIZATION_LEVEL = "-Onone";
			};
			name = Debug;
		};
		E2A2AC5B1D6DA2310054E50E /* Release */ = {
			isa = XCBuildConfiguration;
			buildSettings = {
				ALWAYS_SEARCH_USER_PATHS = NO;
				CLANG_ANALYZER_NONNULL = YES;
				CLANG_CXX_LANGUAGE_STANDARD = "gnu++0x";
				CLANG_CXX_LIBRARY = "libc++";
				CLANG_ENABLE_MODULES = YES;
				CLANG_ENABLE_OBJC_ARC = YES;
				CLANG_WARN_BOOL_CONVERSION = YES;
				CLANG_WARN_CONSTANT_CONVERSION = YES;
				CLANG_WARN_DIRECT_OBJC_ISA_USAGE = YES_ERROR;
				CLANG_WARN_EMPTY_BODY = YES;
				CLANG_WARN_ENUM_CONVERSION = YES;
				CLANG_WARN_INT_CONVERSION = YES;
				CLANG_WARN_OBJC_ROOT_CLASS = YES_ERROR;
				CLANG_WARN_UNREACHABLE_CODE = YES;
				CLANG_WARN__DUPLICATE_METHOD_MATCH = YES;
				"CODE_SIGN_IDENTITY[sdk=iphoneos*]" = "iPhone Developer";
				COPY_PHASE_STRIP = NO;
				DEBUG_INFORMATION_FORMAT = "dwarf-with-dsym";
				ENABLE_NS_ASSERTIONS = NO;
				ENABLE_STRICT_OBJC_MSGSEND = YES;
				GCC_C_LANGUAGE_STANDARD = gnu99;
				GCC_NO_COMMON_BLOCKS = YES;
				GCC_WARN_64_TO_32_BIT_CONVERSION = YES;
				GCC_WARN_ABOUT_RETURN_TYPE = YES_ERROR;
				GCC_WARN_UNDECLARED_SELECTOR = YES;
				GCC_WARN_UNINITIALIZED_AUTOS = YES_AGGRESSIVE;
				GCC_WARN_UNUSED_FUNCTION = YES;
				GCC_WARN_UNUSED_VARIABLE = YES;
				IPHONEOS_DEPLOYMENT_TARGET = 9.3;
				MTL_ENABLE_DEBUG_INFO = NO;
				SDKROOT = iphoneos;
				VALIDATE_PRODUCT = YES;
			};
			name = Release;
		};
		E2A2AC5D1D6DA2310054E50E /* Debug */ = {
			isa = XCBuildConfiguration;
			buildSettings = {
				ASSETCATALOG_COMPILER_APPICON_NAME = AppIcon;
				CODE_SIGN_IDENTITY = "iPhone Developer";
				"CODE_SIGN_IDENTITY[sdk=iphoneos*]" = "iPhone Developer";
				INFOPLIST_FILE = SymbolLog/Info.plist;
				LD_RUNPATH_SEARCH_PATHS = "$(inherited) @executable_path/Frameworks";
				PRODUCT_BUNDLE_IDENTIFIER = com.example.SymbolLog;
				PRODUCT_NAME = Symbolog;
				PROVISIONING_PROFILE = "";
			};
			name = Debug;
		};
		E2A2AC5E1D6DA2310054E50E /* Release */ = {
			isa = XCBuildConfiguration;
			buildSettings = {
				ASSETCATALOG_COMPILER_APPICON_NAME = AppIcon;
				CODE_SIGN_IDENTITY = "iPhone Developer";
				"CODE_SIGN_IDENTITY[sdk=iphoneos*]" = "iPhone Developer";
				INFOPLIST_FILE = SymbolLog/Info.plist;
				LD_RUNPATH_SEARCH_PATHS = "$(inherited) @executable_path/Frameworks";
				PRODUCT_BUNDLE_IDENTIFIER = com.example.SymbolLog;
				PRODUCT_NAME = Symbolog;
				PROVISIONING_PROFILE = "";
			};
			name = Release;
		};
		E2A2AC601D6DA2310054E50E /* Debug */ = {
			isa = XCBuildConfiguration;
			buildSettings = {
				BUNDLE_LOADER = "$(TEST_HOST)";
				INFOPLIST_FILE = SymbolLogTests/Info.plist;
				LD_RUNPATH_SEARCH_PATHS = "$(inherited) @executable_path/Frameworks @loader_path/Frameworks";
				PRODUCT_BUNDLE_IDENTIFIER = com.example.SymbolLogTests;
				PRODUCT_NAME = Symbolog;
				TEST_HOST = "$(BUILT_PRODUCTS_DIR)/Symbolog.app/Symbolog";
			};
			name = Debug;
		};
		E2A2AC611D6DA2310054E50E /* Release */ = {
			isa = XCBuildConfiguration;
			buildSettings = {
				BUNDLE_LOADER = "$(TEST_HOST)";
				INFOPLIST_FILE = SymbolLogTests/Info.plist;
				LD_RUNPATH_SEARCH_PATHS = "$(inherited) @executable_path/Frameworks @loader_path/Frameworks";
				PRODUCT_BUNDLE_IDENTIFIER = com.example.SymbolLogTests;
				PRODUCT_NAME = Symbolog;
				TEST_HOST = "$(BUILT_PRODUCTS_DIR)/Symbolog.app/Symbolog";
			};
			name = Release;
		};
/* End XCBuildConfiguration section */

/* Begin XCConfigurationList section */
		E2A2AC371D6DA2310054E50E /* Build configuration list for PBXProject "Symbolog" */ = {
			isa = XCConfigurationList;
			buildConfigurations = (
				E2A2AC5A1D6DA2310054E50E /* Debug */,
				E2A2AC5B1D6DA2310054E50E /* Release */,
			);
			defaultConfigurationIsVisible = 0;
			defaultConfigurationName = Release;
		};
		E2A2AC5C1D6DA2310054E50E /* Build configuration list for PBXNativeTarget "Symbolog" */ = {
			isa = XCConfigurationList;
			buildConfigurations = (
				E2A2AC5D1D6DA2310054E50E /* Debug */,
				E2A2AC5E1D6DA2310054E50E /* Release */,
			);
			defaultConfigurationIsVisible = 0;
			defaultConfigurationName = Release;
		};
		E2A2AC5F1D6DA2310054E50E /* Build configuration list for PBXNativeTarget "SymbologTests" */ = {
			isa = XCConfigurationList;
			buildConfigurations = (
				E2A2AC601D6DA2310054E50E /* Debug */,
				E2A2AC611D6DA2310054E50E /* Release */,
			);
			defaultConfigurationIsVisible = 0;
			defaultConfigurationName = Release;
		};
/* End XCConfigurationList section */

/* Begin XCVersionGroup section */
		E2A2AC461D6DA2310054E50E /* SymbolLog.xcdatamodeld */ = {
			isa = XCVersionGroup;
			children = (
				E2A2AC471D6DA2310054E50E /* SymbolLog.xcdatamodel */,
			);
			currentVersion = E2A2AC471D6DA2310054E50E /* SymbolLog.xcdatamodel */;
			path = SymbolLog.xcdatamodeld;
			sourceTree = "<group>";
			versionGroupType = wrapper.xcdatamodel;
		};
/* End XCVersionGroup section */
	};
	rootObject = E2A2AC341D6DA2310054E50E /* Project object */;
}
